// !$*UTF8*$!
{
	archiveVersion = 1;
	classes = {
	};
	objectVersion = 50;
	objects = {

/* Begin PBXBuildFile section */
		FA45E58B25C0A50400649CBE /* GAChatAnimationSettingsVC.swift in Sources */ = {isa = PBXBuildFile; fileRef = FA45E58A25C0A50400649CBE /* GAChatAnimationSettingsVC.swift */; };
		FA45E58E25C0AAB600649CBE /* GAChatAnimModel.swift in Sources */ = {isa = PBXBuildFile; fileRef = FA45E58D25C0AAB600649CBE /* GAChatAnimModel.swift */; };
		FA45E59125C0AC5300649CBE /* ChatAnimationSettings.storyboard in Resources */ = {isa = PBXBuildFile; fileRef = FA45E59025C0AC5300649CBE /* ChatAnimationSettings.storyboard */; };
		FA45E59425C1BB0600649CBE /* ChatAnimationSettingsModel+Defaults.swift in Sources */ = {isa = PBXBuildFile; fileRef = FA45E59325C1BB0600649CBE /* ChatAnimationSettingsModel+Defaults.swift */; };
		FA45E59B25C2AFED00649CBE /* GAColorSelection.swift in Sources */ = {isa = PBXBuildFile; fileRef = FA45E59A25C2AFED00649CBE /* GAColorSelection.swift */; };
		FA45E59E25C2E4B400649CBE /* GASettingsCells.swift in Sources */ = {isa = PBXBuildFile; fileRef = FA45E59D25C2E4B400649CBE /* GASettingsCells.swift */; };
		FA71AA7725C34BBD0078DC95 /* ChatAnimationTypeSelection.swift in Sources */ = {isa = PBXBuildFile; fileRef = FA71AA7625C34BBD0078DC95 /* ChatAnimationTypeSelection.swift */; };
		FA71AA7A25C359A30078DC95 /* GAChatBackground.swift in Sources */ = {isa = PBXBuildFile; fileRef = FA71AA7925C359A30078DC95 /* GAChatBackground.swift */; };
		FA71AA9225C45DB50078DC95 /* GAChatAnimModel+Serialization.swift in Sources */ = {isa = PBXBuildFile; fileRef = FA71AA9125C45DB50078DC95 /* GAChatAnimModel+Serialization.swift */; };
		FA71AA9525C499290078DC95 /* ChatBackgroundController.swift in Sources */ = {isa = PBXBuildFile; fileRef = FA71AA9425C499290078DC95 /* ChatBackgroundController.swift */; };
		FAE41DDC25B2CB3F005C5C7D /* AppDelegate.swift in Sources */ = {isa = PBXBuildFile; fileRef = FAE41DDB25B2CB3F005C5C7D /* AppDelegate.swift */; };
		FAE41DE025B2CB3F005C5C7D /* ViewController.swift in Sources */ = {isa = PBXBuildFile; fileRef = FAE41DDF25B2CB3F005C5C7D /* ViewController.swift */; };
		FAE41DE325B2CB3F005C5C7D /* Main.storyboard in Resources */ = {isa = PBXBuildFile; fileRef = FAE41DE125B2CB3F005C5C7D /* Main.storyboard */; };
		FAE41DE525B2CB42005C5C7D /* Assets.xcassets in Resources */ = {isa = PBXBuildFile; fileRef = FAE41DE425B2CB42005C5C7D /* Assets.xcassets */; };
		FAE41DE825B2CB42005C5C7D /* LaunchScreen.storyboard in Resources */ = {isa = PBXBuildFile; fileRef = FAE41DE625B2CB42005C5C7D /* LaunchScreen.storyboard */; };
		FAE41E1825B2CF98005C5C7D /* BGRenderView.swift in Sources */ = {isa = PBXBuildFile; fileRef = FAE41E1725B2CF98005C5C7D /* BGRenderView.swift */; };
		FAE41E2425B2D09D005C5C7D /* GAMutex.swift in Sources */ = {isa = PBXBuildFile; fileRef = FAE41E2325B2D09D005C5C7D /* GAMutex.swift */; };
		FAE41E2C25B2D0FF005C5C7D /* BGDisplay.swift in Sources */ = {isa = PBXBuildFile; fileRef = FAE41E2B25B2D0FF005C5C7D /* BGDisplay.swift */; };
		FAE41E4025B2D865005C5C7D /* Metaball.metal in Sources */ = {isa = PBXBuildFile; fileRef = FAE41E3F25B2D865005C5C7D /* Metaball.metal */; };
		FAE41E4725B2E0B7005C5C7D /* Metaball.swift in Sources */ = {isa = PBXBuildFile; fileRef = FAE41E4625B2E0B7005C5C7D /* Metaball.swift */; };
		FAE41E4A25B2E2AE005C5C7D /* PageAlignedArray.swift in Sources */ = {isa = PBXBuildFile; fileRef = FAE41E4925B2E2AE005C5C7D /* PageAlignedArray.swift */; };
		FAE41E5125B310D8005C5C7D /* GADisplayLinkAnimator.swift in Sources */ = {isa = PBXBuildFile; fileRef = FAE41E5025B310D7005C5C7D /* GADisplayLinkAnimator.swift */; };
		FAE41E5525B381A7005C5C7D /* GATimingControl.swift in Sources */ = {isa = PBXBuildFile; fileRef = FAE41E5425B381A7005C5C7D /* GATimingControl.swift */; };
		FAE41E5825B3825B005C5C7D /* GATimingModel.swift in Sources */ = {isa = PBXBuildFile; fileRef = FAE41E5725B3825B005C5C7D /* GATimingModel.swift */; };
		FAE41E5C25B3865E005C5C7D /* GAExtensions.swift in Sources */ = {isa = PBXBuildFile; fileRef = FAE41E5B25B3865E005C5C7D /* GAExtensions.swift */; };
		FAE41E6025B48E3D005C5C7D /* GATimingSlider.swift in Sources */ = {isa = PBXBuildFile; fileRef = FAE41E5F25B48E3D005C5C7D /* GATimingSlider.swift */; };
		FAE41E6325B49B5A005C5C7D /* GATimeClipSlider.swift in Sources */ = {isa = PBXBuildFile; fileRef = FAE41E6225B49B5A005C5C7D /* GATimeClipSlider.swift */; };
		FAE41E6625B773CE005C5C7D /* metal_extensions.swift in Sources */ = {isa = PBXBuildFile; fileRef = FAE41E6525B773CE005C5C7D /* metal_extensions.swift */; };
		FAE41E6C25B77805005C5C7D /* distort_displacement.png in Resources */ = {isa = PBXBuildFile; fileRef = FAE41E6B25B77805005C5C7D /* distort_displacement.png */; };
		FAE41E7025B8C950005C5C7D /* GATimingCurve.swift in Sources */ = {isa = PBXBuildFile; fileRef = FAE41E6F25B8C94F005C5C7D /* GATimingCurve.swift */; };
/* End PBXBuildFile section */

/* Begin PBXFileReference section */
		FA45E58A25C0A50400649CBE /* GAChatAnimationSettingsVC.swift */ = {isa = PBXFileReference; lastKnownFileType = sourcecode.swift; path = GAChatAnimationSettingsVC.swift; sourceTree = "<group>"; };
		FA45E58D25C0AAB600649CBE /* GAChatAnimModel.swift */ = {isa = PBXFileReference; lastKnownFileType = sourcecode.swift; path = GAChatAnimModel.swift; sourceTree = "<group>"; };
		FA45E59025C0AC5300649CBE /* ChatAnimationSettings.storyboard */ = {isa = PBXFileReference; lastKnownFileType = file.storyboard; path = ChatAnimationSettings.storyboard; sourceTree = "<group>"; };
		FA45E59325C1BB0600649CBE /* ChatAnimationSettingsModel+Defaults.swift */ = {isa = PBXFileReference; lastKnownFileType = sourcecode.swift; path = "ChatAnimationSettingsModel+Defaults.swift"; sourceTree = "<group>"; };
		FA45E59A25C2AFED00649CBE /* GAColorSelection.swift */ = {isa = PBXFileReference; lastKnownFileType = sourcecode.swift; path = GAColorSelection.swift; sourceTree = "<group>"; };
		FA45E59D25C2E4B400649CBE /* GASettingsCells.swift */ = {isa = PBXFileReference; lastKnownFileType = sourcecode.swift; path = GASettingsCells.swift; sourceTree = "<group>"; };
		FA71AA7625C34BBD0078DC95 /* ChatAnimationTypeSelection.swift */ = {isa = PBXFileReference; lastKnownFileType = sourcecode.swift; path = ChatAnimationTypeSelection.swift; sourceTree = "<group>"; };
		FA71AA7925C359A30078DC95 /* GAChatBackground.swift */ = {isa = PBXFileReference; lastKnownFileType = sourcecode.swift; path = GAChatBackground.swift; sourceTree = "<group>"; };
		FA71AA9125C45DB50078DC95 /* GAChatAnimModel+Serialization.swift */ = {isa = PBXFileReference; lastKnownFileType = sourcecode.swift; path = "GAChatAnimModel+Serialization.swift"; sourceTree = "<group>"; };
		FA71AA9425C499290078DC95 /* ChatBackgroundController.swift */ = {isa = PBXFileReference; lastKnownFileType = sourcecode.swift; path = ChatBackgroundController.swift; sourceTree = "<group>"; };
		FAE41DD825B2CB3F005C5C7D /* TelegramContestBG.app */ = {isa = PBXFileReference; explicitFileType = wrapper.application; includeInIndex = 0; path = TelegramContestBG.app; sourceTree = BUILT_PRODUCTS_DIR; };
		FAE41DDB25B2CB3F005C5C7D /* AppDelegate.swift */ = {isa = PBXFileReference; lastKnownFileType = sourcecode.swift; path = AppDelegate.swift; sourceTree = "<group>"; };
		FAE41DDF25B2CB3F005C5C7D /* ViewController.swift */ = {isa = PBXFileReference; lastKnownFileType = sourcecode.swift; path = ViewController.swift; sourceTree = "<group>"; };
		FAE41DE225B2CB3F005C5C7D /* Base */ = {isa = PBXFileReference; lastKnownFileType = file.storyboard; name = Base; path = Base.lproj/Main.storyboard; sourceTree = "<group>"; };
		FAE41DE425B2CB42005C5C7D /* Assets.xcassets */ = {isa = PBXFileReference; lastKnownFileType = folder.assetcatalog; path = Assets.xcassets; sourceTree = "<group>"; };
		FAE41DE725B2CB42005C5C7D /* Base */ = {isa = PBXFileReference; lastKnownFileType = file.storyboard; name = Base; path = Base.lproj/LaunchScreen.storyboard; sourceTree = "<group>"; };
		FAE41DE925B2CB42005C5C7D /* Info.plist */ = {isa = PBXFileReference; lastKnownFileType = text.plist.xml; path = Info.plist; sourceTree = "<group>"; };
		FAE41E1725B2CF98005C5C7D /* BGRenderView.swift */ = {isa = PBXFileReference; lastKnownFileType = sourcecode.swift; path = BGRenderView.swift; sourceTree = "<group>"; };
		FAE41E2325B2D09D005C5C7D /* GAMutex.swift */ = {isa = PBXFileReference; fileEncoding = 4; lastKnownFileType = sourcecode.swift; path = GAMutex.swift; sourceTree = "<group>"; };
		FAE41E2B25B2D0FF005C5C7D /* BGDisplay.swift */ = {isa = PBXFileReference; lastKnownFileType = sourcecode.swift; path = BGDisplay.swift; sourceTree = "<group>"; };
		FAE41E3F25B2D865005C5C7D /* Metaball.metal */ = {isa = PBXFileReference; lastKnownFileType = sourcecode.metal; path = Metaball.metal; sourceTree = "<group>"; };
		FAE41E4625B2E0B7005C5C7D /* Metaball.swift */ = {isa = PBXFileReference; lastKnownFileType = sourcecode.swift; path = Metaball.swift; sourceTree = "<group>"; };
		FAE41E4925B2E2AE005C5C7D /* PageAlignedArray.swift */ = {isa = PBXFileReference; fileEncoding = 4; lastKnownFileType = sourcecode.swift; path = PageAlignedArray.swift; sourceTree = "<group>"; };
		FAE41E5025B310D7005C5C7D /* GADisplayLinkAnimator.swift */ = {isa = PBXFileReference; fileEncoding = 4; lastKnownFileType = sourcecode.swift; path = GADisplayLinkAnimator.swift; sourceTree = "<group>"; };
		FAE41E5425B381A7005C5C7D /* GATimingControl.swift */ = {isa = PBXFileReference; lastKnownFileType = sourcecode.swift; path = GATimingControl.swift; sourceTree = "<group>"; };
		FAE41E5725B3825B005C5C7D /* GATimingModel.swift */ = {isa = PBXFileReference; lastKnownFileType = sourcecode.swift; path = GATimingModel.swift; sourceTree = "<group>"; };
		FAE41E5B25B3865E005C5C7D /* GAExtensions.swift */ = {isa = PBXFileReference; lastKnownFileType = sourcecode.swift; path = GAExtensions.swift; sourceTree = "<group>"; };
		FAE41E5F25B48E3D005C5C7D /* GATimingSlider.swift */ = {isa = PBXFileReference; lastKnownFileType = sourcecode.swift; path = GATimingSlider.swift; sourceTree = "<group>"; };
		FAE41E6225B49B5A005C5C7D /* GATimeClipSlider.swift */ = {isa = PBXFileReference; lastKnownFileType = sourcecode.swift; path = GATimeClipSlider.swift; sourceTree = "<group>"; };
		FAE41E6525B773CE005C5C7D /* metal_extensions.swift */ = {isa = PBXFileReference; lastKnownFileType = sourcecode.swift; path = metal_extensions.swift; sourceTree = "<group>"; };
		FAE41E6B25B77805005C5C7D /* distort_displacement.png */ = {isa = PBXFileReference; lastKnownFileType = image.png; path = distort_displacement.png; sourceTree = "<group>"; };
		FAE41E6F25B8C94F005C5C7D /* GATimingCurve.swift */ = {isa = PBXFileReference; lastKnownFileType = sourcecode.swift; path = GATimingCurve.swift; sourceTree = "<group>"; };
/* End PBXFileReference section */

/* Begin PBXFrameworksBuildPhase section */
		FAE41DD525B2CB3F005C5C7D /* Frameworks */ = {
			isa = PBXFrameworksBuildPhase;
			buildActionMask = 2147483647;
			files = (
			);
			runOnlyForDeploymentPostprocessing = 0;
		};
/* End PBXFrameworksBuildPhase section */

/* Begin PBXGroup section */
		FA45E5A225C2F6DD00649CBE /* settings */ = {
			isa = PBXGroup;
			children = (
				FA71AA9B25C4A2B40078DC95 /* views */,
				FA45E5A325C2F6EA00649CBE /* model */,
				FA71AA9C25C4A2CD0078DC95 /* vc */,
				FA45E58A25C0A50400649CBE /* GAChatAnimationSettingsVC.swift */,
				FA45E59025C0AC5300649CBE /* ChatAnimationSettings.storyboard */,
			);
			path = settings;
			sourceTree = "<group>";
		};
		FA45E5A325C2F6EA00649CBE /* model */ = {
			isa = PBXGroup;
			children = (
				FA45E59325C1BB0600649CBE /* ChatAnimationSettingsModel+Defaults.swift */,
				FA45E58D25C0AAB600649CBE /* GAChatAnimModel.swift */,
				FA71AA9125C45DB50078DC95 /* GAChatAnimModel+Serialization.swift */,
			);
			path = model;
			sourceTree = "<group>";
		};
		FA71AA9B25C4A2B40078DC95 /* views */ = {
			isa = PBXGroup;
			children = (
				FA45E59A25C2AFED00649CBE /* GAColorSelection.swift */,
				FA45E59D25C2E4B400649CBE /* GASettingsCells.swift */,
			);
			path = views;
			sourceTree = "<group>";
		};
		FA71AA9C25C4A2CD0078DC95 /* vc */ = {
			isa = PBXGroup;
			children = (
				FA71AA7625C34BBD0078DC95 /* ChatAnimationTypeSelection.swift */,
				FA71AA9425C499290078DC95 /* ChatBackgroundController.swift */,
			);
			path = vc;
			sourceTree = "<group>";
		};
		FAE41DCF25B2CB3F005C5C7D = {
			isa = PBXGroup;
			children = (
				FAE41DDA25B2CB3F005C5C7D /* TelegramContestBG */,
				FAE41DD925B2CB3F005C5C7D /* Products */,
			);
			sourceTree = "<group>";
		};
		FAE41DD925B2CB3F005C5C7D /* Products */ = {
			isa = PBXGroup;
			children = (
				FAE41DD825B2CB3F005C5C7D /* TelegramContestBG.app */,
			);
			name = Products;
			sourceTree = "<group>";
		};
		FAE41DDA25B2CB3F005C5C7D /* TelegramContestBG */ = {
			isa = PBXGroup;
			children = (
				FAE41DDB25B2CB3F005C5C7D /* AppDelegate.swift */,
				FAE41DDF25B2CB3F005C5C7D /* ViewController.swift */,
				FA45E5A225C2F6DD00649CBE /* settings */,
				FAE41E7625B8CCAE005C5C7D /* timing_model */,
				FAE41E5325B3818A005C5C7D /* timing_views */,
				FAE41E1F25B2D087005C5C7D /* helpers */,
				FAE41E1625B2CF7F005C5C7D /* metal */,
				FAE41DE125B2CB3F005C5C7D /* Main.storyboard */,
				FAE41DE425B2CB42005C5C7D /* Assets.xcassets */,
				FAE41DE625B2CB42005C5C7D /* LaunchScreen.storyboard */,
				FAE41E6B25B77805005C5C7D /* distort_displacement.png */,
				FAE41DE925B2CB42005C5C7D /* Info.plist */,
			);
			path = TelegramContestBG;
			sourceTree = "<group>";
		};
		FAE41E1625B2CF7F005C5C7D /* metal */ = {
			isa = PBXGroup;
			children = (
				FAE41E4925B2E2AE005C5C7D /* PageAlignedArray.swift */,
				FAE41E1725B2CF98005C5C7D /* BGRenderView.swift */,
				FA71AA7925C359A30078DC95 /* GAChatBackground.swift */,
				FAE41E4625B2E0B7005C5C7D /* Metaball.swift */,
				FAE41E2B25B2D0FF005C5C7D /* BGDisplay.swift */,
				FAE41E3F25B2D865005C5C7D /* Metaball.metal */,
				FAE41E6525B773CE005C5C7D /* metal_extensions.swift */,
			);
			path = metal;
			sourceTree = "<group>";
		};
		FAE41E1F25B2D087005C5C7D /* helpers */ = {
			isa = PBXGroup;
			children = (
				FAE41E5025B310D7005C5C7D /* GADisplayLinkAnimator.swift */,
				FAE41E2325B2D09D005C5C7D /* GAMutex.swift */,
				FAE41E5B25B3865E005C5C7D /* GAExtensions.swift */,
			);
			path = helpers;
			sourceTree = "<group>";
		};
		FAE41E5325B3818A005C5C7D /* timing_views */ = {
			isa = PBXGroup;
			children = (
				FAE41E5425B381A7005C5C7D /* GATimingControl.swift */,
				FAE41E5F25B48E3D005C5C7D /* GATimingSlider.swift */,
				FAE41E6225B49B5A005C5C7D /* GATimeClipSlider.swift */,
			);
			path = timing_views;
			sourceTree = "<group>";
		};
		FAE41E7625B8CCAE005C5C7D /* timing_model */ = {
			isa = PBXGroup;
			children = (
				FAE41E5725B3825B005C5C7D /* GATimingModel.swift */,
				FAE41E6F25B8C94F005C5C7D /* GATimingCurve.swift */,
			);
			path = timing_model;
			sourceTree = "<group>";
		};
/* End PBXGroup section */

/* Begin PBXNativeTarget section */
		FAE41DD725B2CB3F005C5C7D /* TelegramContestBG */ = {
			isa = PBXNativeTarget;
			buildConfigurationList = FAE41E0225B2CB42005C5C7D /* Build configuration list for PBXNativeTarget "TelegramContestBG" */;
			buildPhases = (
				FAE41DD425B2CB3F005C5C7D /* Sources */,
				FAE41DD525B2CB3F005C5C7D /* Frameworks */,
				FAE41DD625B2CB3F005C5C7D /* Resources */,
			);
			buildRules = (
			);
			dependencies = (
			);
			name = TelegramContestBG;
			productName = TelegramContestBG;
			productReference = FAE41DD825B2CB3F005C5C7D /* TelegramContestBG.app */;
			productType = "com.apple.product-type.application";
		};
/* End PBXNativeTarget section */

/* Begin PBXProject section */
		FAE41DD025B2CB3F005C5C7D /* Project object */ = {
			isa = PBXProject;
			attributes = {
				LastSwiftUpdateCheck = 1210;
				LastUpgradeCheck = 1210;
				TargetAttributes = {
					FAE41DD725B2CB3F005C5C7D = {
						CreatedOnToolsVersion = 12.1.1;
					};
				};
			};
			buildConfigurationList = FAE41DD325B2CB3F005C5C7D /* Build configuration list for PBXProject "TelegramContestBG" */;
			compatibilityVersion = "Xcode 9.3";
			developmentRegion = en;
			hasScannedForEncodings = 0;
			knownRegions = (
				en,
				Base,
			);
			mainGroup = FAE41DCF25B2CB3F005C5C7D;
			productRefGroup = FAE41DD925B2CB3F005C5C7D /* Products */;
			projectDirPath = "";
			projectRoot = "";
			targets = (
				FAE41DD725B2CB3F005C5C7D /* TelegramContestBG */,
			);
		};
/* End PBXProject section */

/* Begin PBXResourcesBuildPhase section */
		FAE41DD625B2CB3F005C5C7D /* Resources */ = {
			isa = PBXResourcesBuildPhase;
			buildActionMask = 2147483647;
			files = (
				FAE41E6C25B77805005C5C7D /* distort_displacement.png in Resources */,
				FAE41DE825B2CB42005C5C7D /* LaunchScreen.storyboard in Resources */,
				FAE41DE525B2CB42005C5C7D /* Assets.xcassets in Resources */,
				FA45E59125C0AC5300649CBE /* ChatAnimationSettings.storyboard in Resources */,
				FAE41DE325B2CB3F005C5C7D /* Main.storyboard in Resources */,
			);
			runOnlyForDeploymentPostprocessing = 0;
		};
/* End PBXResourcesBuildPhase section */

/* Begin PBXSourcesBuildPhase section */
		FAE41DD425B2CB3F005C5C7D /* Sources */ = {
			isa = PBXSourcesBuildPhase;
			buildActionMask = 2147483647;
			files = (
				FAE41E5525B381A7005C5C7D /* GATimingControl.swift in Sources */,
				FA45E59425C1BB0600649CBE /* ChatAnimationSettingsModel+Defaults.swift in Sources */,
				FAE41E2425B2D09D005C5C7D /* GAMutex.swift in Sources */,
				FAE41E6625B773CE005C5C7D /* metal_extensions.swift in Sources */,
				FA45E59E25C2E4B400649CBE /* GASettingsCells.swift in Sources */,
				FA71AA9525C499290078DC95 /* ChatBackgroundController.swift in Sources */,
				FA71AA9225C45DB50078DC95 /* GAChatAnimModel+Serialization.swift in Sources */,
				FA45E58B25C0A50400649CBE /* GAChatAnimationSettingsVC.swift in Sources */,
				FAE41E4A25B2E2AE005C5C7D /* PageAlignedArray.swift in Sources */,
				FAE41E6325B49B5A005C5C7D /* GATimeClipSlider.swift in Sources */,
				FAE41E2C25B2D0FF005C5C7D /* BGDisplay.swift in Sources */,
				FAE41DE025B2CB3F005C5C7D /* ViewController.swift in Sources */,
				FAE41E4725B2E0B7005C5C7D /* Metaball.swift in Sources */,
				FAE41E1825B2CF98005C5C7D /* BGRenderView.swift in Sources */,
				FA45E59B25C2AFED00649CBE /* GAColorSelection.swift in Sources */,
				FAE41E5C25B3865E005C5C7D /* GAExtensions.swift in Sources */,
				FAE41E5125B310D8005C5C7D /* GADisplayLinkAnimator.swift in Sources */,
				FA71AA7A25C359A30078DC95 /* GAChatBackground.swift in Sources */,
				FAE41E4025B2D865005C5C7D /* Metaball.metal in Sources */,
				FAE41E5825B3825B005C5C7D /* GATimingModel.swift in Sources */,
				FA45E58E25C0AAB600649CBE /* GAChatAnimModel.swift in Sources */,
				FAE41E6025B48E3D005C5C7D /* GATimingSlider.swift in Sources */,
				FAE41DDC25B2CB3F005C5C7D /* AppDelegate.swift in Sources */,
				FAE41E7025B8C950005C5C7D /* GATimingCurve.swift in Sources */,
				FA71AA7725C34BBD0078DC95 /* ChatAnimationTypeSelection.swift in Sources */,
			);
			runOnlyForDeploymentPostprocessing = 0;
		};
/* End PBXSourcesBuildPhase section */

/* Begin PBXVariantGroup section */
		FAE41DE125B2CB3F005C5C7D /* Main.storyboard */ = {
			isa = PBXVariantGroup;
			children = (
				FAE41DE225B2CB3F005C5C7D /* Base */,
			);
			name = Main.storyboard;
			sourceTree = "<group>";
		};
		FAE41DE625B2CB42005C5C7D /* LaunchScreen.storyboard */ = {
			isa = PBXVariantGroup;
			children = (
				FAE41DE725B2CB42005C5C7D /* Base */,
			);
			name = LaunchScreen.storyboard;
			sourceTree = "<group>";
		};
/* End PBXVariantGroup section */

/* Begin XCBuildConfiguration section */
		FAE41E0025B2CB42005C5C7D /* Debug */ = {
			isa = XCBuildConfiguration;
			buildSettings = {
				ALWAYS_SEARCH_USER_PATHS = NO;
				CLANG_ANALYZER_NONNULL = YES;
				CLANG_ANALYZER_NUMBER_OBJECT_CONVERSION = YES_AGGRESSIVE;
				CLANG_CXX_LANGUAGE_STANDARD = "gnu++14";
				CLANG_CXX_LIBRARY = "libc++";
				CLANG_ENABLE_MODULES = YES;
				CLANG_ENABLE_OBJC_ARC = YES;
				CLANG_ENABLE_OBJC_WEAK = YES;
				CLANG_WARN_BLOCK_CAPTURE_AUTORELEASING = YES;
				CLANG_WARN_BOOL_CONVERSION = YES;
				CLANG_WARN_COMMA = YES;
				CLANG_WARN_CONSTANT_CONVERSION = YES;
				CLANG_WARN_DEPRECATED_OBJC_IMPLEMENTATIONS = YES;
				CLANG_WARN_DIRECT_OBJC_ISA_USAGE = YES_ERROR;
				CLANG_WARN_DOCUMENTATION_COMMENTS = YES;
				CLANG_WARN_EMPTY_BODY = YES;
				CLANG_WARN_ENUM_CONVERSION = YES;
				CLANG_WARN_INFINITE_RECURSION = YES;
				CLANG_WARN_INT_CONVERSION = YES;
				CLANG_WARN_NON_LITERAL_NULL_CONVERSION = YES;
				CLANG_WARN_OBJC_IMPLICIT_RETAIN_SELF = YES;
				CLANG_WARN_OBJC_LITERAL_CONVERSION = YES;
				CLANG_WARN_OBJC_ROOT_CLASS = YES_ERROR;
				CLANG_WARN_QUOTED_INCLUDE_IN_FRAMEWORK_HEADER = YES;
				CLANG_WARN_RANGE_LOOP_ANALYSIS = YES;
				CLANG_WARN_STRICT_PROTOTYPES = YES;
				CLANG_WARN_SUSPICIOUS_MOVE = YES;
				CLANG_WARN_UNGUARDED_AVAILABILITY = YES_AGGRESSIVE;
				CLANG_WARN_UNREACHABLE_CODE = YES;
				CLANG_WARN__DUPLICATE_METHOD_MATCH = YES;
				COPY_PHASE_STRIP = NO;
				DEBUG_INFORMATION_FORMAT = dwarf;
				ENABLE_STRICT_OBJC_MSGSEND = YES;
				ENABLE_TESTABILITY = YES;
				GCC_C_LANGUAGE_STANDARD = gnu11;
				GCC_DYNAMIC_NO_PIC = NO;
				GCC_NO_COMMON_BLOCKS = YES;
				GCC_OPTIMIZATION_LEVEL = 0;
				GCC_PREPROCESSOR_DEFINITIONS = (
					"DEBUG=1",
					"$(inherited)",
				);
				GCC_WARN_64_TO_32_BIT_CONVERSION = YES;
				GCC_WARN_ABOUT_RETURN_TYPE = YES_ERROR;
				GCC_WARN_UNDECLARED_SELECTOR = YES;
				GCC_WARN_UNINITIALIZED_AUTOS = YES_AGGRESSIVE;
				GCC_WARN_UNUSED_FUNCTION = YES;
				GCC_WARN_UNUSED_VARIABLE = YES;
				IPHONEOS_DEPLOYMENT_TARGET = 14.2;
				MTL_ENABLE_DEBUG_INFO = INCLUDE_SOURCE;
				MTL_FAST_MATH = YES;
				ONLY_ACTIVE_ARCH = YES;
				SDKROOT = iphoneos;
				SWIFT_ACTIVE_COMPILATION_CONDITIONS = DEBUG;
				SWIFT_OPTIMIZATION_LEVEL = "-Onone";
			};
			name = Debug;
		};
		FAE41E0125B2CB42005C5C7D /* Release */ = {
			isa = XCBuildConfiguration;
			buildSettings = {
				ALWAYS_SEARCH_USER_PATHS = NO;
				CLANG_ANALYZER_NONNULL = YES;
				CLANG_ANALYZER_NUMBER_OBJECT_CONVERSION = YES_AGGRESSIVE;
				CLANG_CXX_LANGUAGE_STANDARD = "gnu++14";
				CLANG_CXX_LIBRARY = "libc++";
				CLANG_ENABLE_MODULES = YES;
				CLANG_ENABLE_OBJC_ARC = YES;
				CLANG_ENABLE_OBJC_WEAK = YES;
				CLANG_WARN_BLOCK_CAPTURE_AUTORELEASING = YES;
				CLANG_WARN_BOOL_CONVERSION = YES;
				CLANG_WARN_COMMA = YES;
				CLANG_WARN_CONSTANT_CONVERSION = YES;
				CLANG_WARN_DEPRECATED_OBJC_IMPLEMENTATIONS = YES;
				CLANG_WARN_DIRECT_OBJC_ISA_USAGE = YES_ERROR;
				CLANG_WARN_DOCUMENTATION_COMMENTS = YES;
				CLANG_WARN_EMPTY_BODY = YES;
				CLANG_WARN_ENUM_CONVERSION = YES;
				CLANG_WARN_INFINITE_RECURSION = YES;
				CLANG_WARN_INT_CONVERSION = YES;
				CLANG_WARN_NON_LITERAL_NULL_CONVERSION = YES;
				CLANG_WARN_OBJC_IMPLICIT_RETAIN_SELF = YES;
				CLANG_WARN_OBJC_LITERAL_CONVERSION = YES;
				CLANG_WARN_OBJC_ROOT_CLASS = YES_ERROR;
				CLANG_WARN_QUOTED_INCLUDE_IN_FRAMEWORK_HEADER = YES;
				CLANG_WARN_RANGE_LOOP_ANALYSIS = YES;
				CLANG_WARN_STRICT_PROTOTYPES = YES;
				CLANG_WARN_SUSPICIOUS_MOVE = YES;
				CLANG_WARN_UNGUARDED_AVAILABILITY = YES_AGGRESSIVE;
				CLANG_WARN_UNREACHABLE_CODE = YES;
				CLANG_WARN__DUPLICATE_METHOD_MATCH = YES;
				COPY_PHASE_STRIP = NO;
				DEBUG_INFORMATION_FORMAT = "dwarf-with-dsym";
				ENABLE_NS_ASSERTIONS = NO;
				ENABLE_STRICT_OBJC_MSGSEND = YES;
				GCC_C_LANGUAGE_STANDARD = gnu11;
				GCC_NO_COMMON_BLOCKS = YES;
				GCC_WARN_64_TO_32_BIT_CONVERSION = YES;
				GCC_WARN_ABOUT_RETURN_TYPE = YES_ERROR;
				GCC_WARN_UNDECLARED_SELECTOR = YES;
				GCC_WARN_UNINITIALIZED_AUTOS = YES_AGGRESSIVE;
				GCC_WARN_UNUSED_FUNCTION = YES;
				GCC_WARN_UNUSED_VARIABLE = YES;
				IPHONEOS_DEPLOYMENT_TARGET = 14.2;
				MTL_ENABLE_DEBUG_INFO = NO;
				MTL_FAST_MATH = YES;
				SDKROOT = iphoneos;
				SWIFT_COMPILATION_MODE = wholemodule;
				SWIFT_OPTIMIZATION_LEVEL = "-O";
				VALIDATE_PRODUCT = YES;
			};
			name = Release;
		};
		FAE41E0325B2CB42005C5C7D /* Debug */ = {
			isa = XCBuildConfiguration;
			buildSettings = {
				ASSETCATALOG_COMPILER_APPICON_NAME = AppIcon;
				ASSETCATALOG_COMPILER_GLOBAL_ACCENT_COLOR_NAME = AccentColor;
				CODE_SIGN_IDENTITY = "Apple Development";
				CODE_SIGN_STYLE = Automatic;
				DEVELOPMENT_TEAM = RE82W8HD52;
				INFOPLIST_FILE = TelegramContestBG/Info.plist;
				IPHONEOS_DEPLOYMENT_TARGET = 9.0;
				LD_RUNPATH_SEARCH_PATHS = (
					"$(inherited)",
					"@executable_path/Frameworks",
				);
				PRODUCT_BUNDLE_IDENTIFIER = gralex.TelegramContestBG;
				PRODUCT_NAME = "$(TARGET_NAME)";
				PROVISIONING_PROFILE_SPECIFIER = "";
				SWIFT_VERSION = 5.0;
				TARGETED_DEVICE_FAMILY = "1,2";
			};
			name = Debug;
		};
		FAE41E0425B2CB42005C5C7D /* Release */ = {
			isa = XCBuildConfiguration;
			buildSettings = {
				ASSETCATALOG_COMPILER_APPICON_NAME = AppIcon;
				ASSETCATALOG_COMPILER_GLOBAL_ACCENT_COLOR_NAME = AccentColor;
				CODE_SIGN_IDENTITY = "Apple Development";
				CODE_SIGN_STYLE = Automatic;
				DEVELOPMENT_TEAM = RE82W8HD52;
				INFOPLIST_FILE = TelegramContestBG/Info.plist;
				IPHONEOS_DEPLOYMENT_TARGET = 9.0;
				LD_RUNPATH_SEARCH_PATHS = (
					"$(inherited)",
					"@executable_path/Frameworks",
				);
				PRODUCT_BUNDLE_IDENTIFIER = gralex.TelegramContestBG;
				PRODUCT_NAME = "$(TARGET_NAME)";
				PROVISIONING_PROFILE_SPECIFIER = "";
				SWIFT_VERSION = 5.0;
				TARGETED_DEVICE_FAMILY = "1,2";
			};
			name = Release;
		};
/* End XCBuildConfiguration section */

/* Begin XCConfigurationList section */
		FAE41DD325B2CB3F005C5C7D /* Build configuration list for PBXProject "TelegramContestBG" */ = {
			isa = XCConfigurationList;
			buildConfigurations = (
				FAE41E0025B2CB42005C5C7D /* Debug */,
				FAE41E0125B2CB42005C5C7D /* Release */,
			);
			defaultConfigurationIsVisible = 0;
			defaultConfigurationName = Release;
		};
		FAE41E0225B2CB42005C5C7D /* Build configuration list for PBXNativeTarget "TelegramContestBG" */ = {
			isa = XCConfigurationList;
			buildConfigurations = (
				FAE41E0325B2CB42005C5C7D /* Debug */,
				FAE41E0425B2CB42005C5C7D /* Release */,
			);
			defaultConfigurationIsVisible = 0;
			defaultConfigurationName = Release;
		};
/* End XCConfigurationList section */
	};
	rootObject = FAE41DD025B2CB3F005C5C7D /* Project object */;
}
